
Microsoft Visual Studio Solution File, Format Version 12.00
# Visual Studio 15
VisualStudioVersion = 15.0.28307.329
MinimumVisualStudioVersion = 10.0.40219.1
Project("{FAE04EC0-301F-11D3-BF4B-00C04F79EFBC}") = "SmbBrowser", "SmbBrowser\SmbBrowser.csproj", "{D17F16D9-8CBD-4AA3-9EA3-522A18D4A4B6}"
EndProject
Global
	GlobalSection(SolutionConfigurationPlatforms) = preSolution
		Debug|Any CPU = Debug|Any CPU
		Release|Any CPU = Release|Any CPU
	EndGlobalSection
	GlobalSection(ProjectConfigurationPlatforms) = postSolution
		{D17F16D9-8CBD-4AA3-9EA3-522A18D4A4B6}.Debug|Any CPU.ActiveCfg = Debug|Any CPU
		{D17F16D9-8CBD-4AA3-9EA3-522A18D4A4B6}.Debug|Any CPU.Build.0 = Debug|Any CPU
		{D17F16D9-8CBD-4AA3-9EA3-522A18D4A4B6}.Release|Any CPU.ActiveCfg = Release|Any CPU
		{D17F16D9-8CBD-4AA3-9EA3-522A18D4A4B6}.Release|Any CPU.Build.0 = Release|Any CPU
	EndGlobalSection
	GlobalSection(SolutionProperties) = preSolution
		HideSolutionNode = FALSE
	EndGlobalSection
	GlobalSection(ExtensibilityGlobals) = postSolution
		SolutionGuid = {EDB43FD0-00F5-48B3-B9E7-8A1163FA538A}
	EndGlobalSection
EndGlobal
